
Microsoft Visual Studio Solution File, Format Version 12.00
# Visual Studio Version 17
VisualStudioVersion = 17.11.35208.52
MinimumVisualStudioVersion = 10.0.40219.1
Project("{FAE04EC0-301F-11D3-BF4B-00C04F79EFBC}") = "BuberDinner.API", "BuberDinner.API\BuberDinner.API.csproj", "{0ADEEACC-9A0A-4145-A0E8-5A04E6CEDD29}"
EndProject
Project("{FAE04EC0-301F-11D3-BF4B-00C04F79EFBC}") = "BuberDinner.Contracts", "BuberDinner.Contracts\BuberDinner.Contracts.csproj", "{889D9231-1CD9-49F3-A99B-80F640E737FA}"
EndProject
Project("{FAE04EC0-301F-11D3-BF4B-00C04F79EFBC}") = "BuberDinner.Infrastructure", "BuberDinner.Infrastructure\BuberDinner.Infrastructure.csproj", "{8ADBE6EB-F4F8-4EE1-BB75-88894EA29257}"
EndProject
Project("{FAE04EC0-301F-11D3-BF4B-00C04F79EFBC}") = "BuberDinner.Application", "BuberDinner.Application\BuberDinner.Application.csproj", "{1E566368-1509-4712-A4D7-3E45008BC735}"
EndProject
Project("{FAE04EC0-301F-11D3-BF4B-00C04F79EFBC}") = "BuberDinner.Domain", "BuberDinner.Domain\BuberDinner.Domain.csproj", "{D789E718-E16A-4886-988E-0DD4493E6A45}"
EndProject
Global
	GlobalSection(SolutionConfigurationPlatforms) = preSolution
		Debug|Any CPU = Debug|Any CPU
		Release|Any CPU = Release|Any CPU
	EndGlobalSection
	GlobalSection(ProjectConfigurationPlatforms) = postSolution
		{0ADEEACC-9A0A-4145-A0E8-5A04E6CEDD29}.Debug|Any CPU.ActiveCfg = Debug|Any CPU
		{0ADEEACC-9A0A-4145-A0E8-5A04E6CEDD29}.Debug|Any CPU.Build.0 = Debug|Any CPU
		{0ADEEACC-9A0A-4145-A0E8-5A04E6CEDD29}.Release|Any CPU.ActiveCfg = Release|Any CPU
		{0ADEEACC-9A0A-4145-A0E8-5A04E6CEDD29}.Release|Any CPU.Build.0 = Release|Any CPU
		{889D9231-1CD9-49F3-A99B-80F640E737FA}.Debug|Any CPU.ActiveCfg = Debug|Any CPU
		{889D9231-1CD9-49F3-A99B-80F640E737FA}.Debug|Any CPU.Build.0 = Debug|Any CPU
		{889D9231-1CD9-49F3-A99B-80F640E737FA}.Release|Any CPU.ActiveCfg = Release|Any CPU
		{889D9231-1CD9-49F3-A99B-80F640E737FA}.Release|Any CPU.Build.0 = Release|Any CPU
		{8ADBE6EB-F4F8-4EE1-BB75-88894EA29257}.Debug|Any CPU.ActiveCfg = Debug|Any CPU
		{8ADBE6EB-F4F8-4EE1-BB75-88894EA29257}.Debug|Any CPU.Build.0 = Debug|Any CPU
		{8ADBE6EB-F4F8-4EE1-BB75-88894EA29257}.Release|Any CPU.ActiveCfg = Release|Any CPU
		{8ADBE6EB-F4F8-4EE1-BB75-88894EA29257}.Release|Any CPU.Build.0 = Release|Any CPU
		{1E566368-1509-4712-A4D7-3E45008BC735}.Debug|Any CPU.ActiveCfg = Debug|Any CPU
		{1E566368-1509-4712-A4D7-3E45008BC735}.Debug|Any CPU.Build.0 = Debug|Any CPU
		{1E566368-1509-4712-A4D7-3E45008BC735}.Release|Any CPU.ActiveCfg = Release|Any CPU
		{1E566368-1509-4712-A4D7-3E45008BC735}.Release|Any CPU.Build.0 = Release|Any CPU
		{D789E718-E16A-4886-988E-0DD4493E6A45}.Debug|Any CPU.ActiveCfg = Debug|Any CPU
		{D789E718-E16A-4886-988E-0DD4493E6A45}.Debug|Any CPU.Build.0 = Debug|Any CPU
		{D789E718-E16A-4886-988E-0DD4493E6A45}.Release|Any CPU.ActiveCfg = Release|Any CPU
		{D789E718-E16A-4886-988E-0DD4493E6A45}.Release|Any CPU.Build.0 = Release|Any CPU
	EndGlobalSection
	GlobalSection(SolutionProperties) = preSolution
		HideSolutionNode = FALSE
	EndGlobalSection
	GlobalSection(ExtensibilityGlobals) = postSolution
		SolutionGuid = {EAD0BF76-8542-419C-8B21-43A7D3B8C538}
	EndGlobalSection
EndGlobal
